// !$*UTF8*$!
{
	archiveVersion = 1;
	classes = {
	};
	objectVersion = 56;
	objects = {

/* Begin PBXBuildFile section */
		B944C9BF2968DB660072C148 /* campseudo-to-py in Resources */ = {isa = PBXBuildFile; fileRef = B944C9BE2968DB660072C148 /* campseudo-to-py */; };
		B953E6E629689699007E2D35 /* Cambridge_Pseudocode_to_PythonApp.swift in Sources */ = {isa = PBXBuildFile; fileRef = B953E6E529689699007E2D35 /* Cambridge_Pseudocode_to_PythonApp.swift */; };
		B953E6E829689699007E2D35 /* ContentView.swift in Sources */ = {isa = PBXBuildFile; fileRef = B953E6E729689699007E2D35 /* ContentView.swift */; };
		B953E6EA2968969B007E2D35 /* Assets.xcassets in Resources */ = {isa = PBXBuildFile; fileRef = B953E6E92968969B007E2D35 /* Assets.xcassets */; };
		B953E6ED2968969B007E2D35 /* Preview Assets.xcassets in Resources */ = {isa = PBXBuildFile; fileRef = B953E6EC2968969B007E2D35 /* Preview Assets.xcassets */; };
		B9C2EB982969AD570089A589 /* Localizable.strings in Resources */ = {isa = PBXBuildFile; fileRef = B9C2EB932969AD570089A589 /* Localizable.strings */; };
		B9C2EB992969AD570089A589 /* Localizable.strings in Resources */ = {isa = PBXBuildFile; fileRef = B9C2EB962969AD570089A589 /* Localizable.strings */; };
/* End PBXBuildFile section */

/* Begin PBXFileReference section */
		B944C9BE2968DB660072C148 /* campseudo-to-py */ = {isa = PBXFileReference; lastKnownFileType = "compiled.mach-o.executable"; path = "campseudo-to-py"; sourceTree = "<group>"; };
		B953E6E229689699007E2D35 /* Cambridge Pseudocode to Python.app */ = {isa = PBXFileReference; explicitFileType = wrapper.application; includeInIndex = 0; path = "Cambridge Pseudocode to Python.app"; sourceTree = BUILT_PRODUCTS_DIR; };
		B953E6E529689699007E2D35 /* Cambridge_Pseudocode_to_PythonApp.swift */ = {isa = PBXFileReference; lastKnownFileType = sourcecode.swift; path = Cambridge_Pseudocode_to_PythonApp.swift; sourceTree = "<group>"; };
		B953E6E729689699007E2D35 /* ContentView.swift */ = {isa = PBXFileReference; lastKnownFileType = sourcecode.swift; path = ContentView.swift; sourceTree = "<group>"; };
		B953E6E92968969B007E2D35 /* Assets.xcassets */ = {isa = PBXFileReference; lastKnownFileType = folder.assetcatalog; path = Assets.xcassets; sourceTree = "<group>"; };
		B953E6EC2968969B007E2D35 /* Preview Assets.xcassets */ = {isa = PBXFileReference; lastKnownFileType = folder.assetcatalog; path = "Preview Assets.xcassets"; sourceTree = "<group>"; };
		B953E6EE2968969B007E2D35 /* Cambridge_Pseudocode_to_Python.entitlements */ = {isa = PBXFileReference; lastKnownFileType = text.plist.entitlements; path = Cambridge_Pseudocode_to_Python.entitlements; sourceTree = "<group>"; };
		B9C2EB942969AD570089A589 /* en */ = {isa = PBXFileReference; lastKnownFileType = text.plist.strings; name = en; path = Localizable.strings; sourceTree = "<group>"; };
		B9C2EB972969AD570089A589 /* zh-Hans */ = {isa = PBXFileReference; lastKnownFileType = text.plist.strings; name = "zh-Hans"; path = Localizable.strings; sourceTree = "<group>"; };
/* End PBXFileReference section */

/* Begin PBXFrameworksBuildPhase section */
		B953E6DF29689699007E2D35 /* Frameworks */ = {
			isa = PBXFrameworksBuildPhase;
			buildActionMask = 2147483647;
			files = (
			);
			runOnlyForDeploymentPostprocessing = 0;
		};
/* End PBXFrameworksBuildPhase section */

/* Begin PBXGroup section */
		B953E6D929689699007E2D35 = {
			isa = PBXGroup;
			children = (
				B9C2EB922969AD570089A589 /* en.lproj */,
				B9C2EB952969AD570089A589 /* zh-Hans.lproj */,
				B944C9BE2968DB660072C148 /* campseudo-to-py */,
				B953E6E429689699007E2D35 /* Cambridge Pseudocode to Python */,
				B953E6E329689699007E2D35 /* Products */,
			);
			sourceTree = "<group>";
		};
		B953E6E329689699007E2D35 /* Products */ = {
			isa = PBXGroup;
			children = (
				B953E6E229689699007E2D35 /* Cambridge Pseudocode to Python.app */,
			);
			name = Products;
			sourceTree = "<group>";
		};
		B953E6E429689699007E2D35 /* Cambridge Pseudocode to Python */ = {
			isa = PBXGroup;
			children = (
				B953E6E529689699007E2D35 /* Cambridge_Pseudocode_to_PythonApp.swift */,
				B953E6E729689699007E2D35 /* ContentView.swift */,
				B953E6E92968969B007E2D35 /* Assets.xcassets */,
				B953E6EE2968969B007E2D35 /* Cambridge_Pseudocode_to_Python.entitlements */,
				B953E6EB2968969B007E2D35 /* Preview Content */,
			);
			path = "Cambridge Pseudocode to Python";
			sourceTree = "<group>";
		};
		B953E6EB2968969B007E2D35 /* Preview Content */ = {
			isa = PBXGroup;
			children = (
				B953E6EC2968969B007E2D35 /* Preview Assets.xcassets */,
			);
			path = "Preview Content";
			sourceTree = "<group>";
		};
		B9C2EB922969AD570089A589 /* en.lproj */ = {
			isa = PBXGroup;
			children = (
				B9C2EB932969AD570089A589 /* Localizable.strings */,
			);
			path = en.lproj;
			sourceTree = "<group>";
		};
		B9C2EB952969AD570089A589 /* zh-Hans.lproj */ = {
			isa = PBXGroup;
			children = (
				B9C2EB962969AD570089A589 /* Localizable.strings */,
			);
			path = "zh-Hans.lproj";
			sourceTree = "<group>";
		};
/* End PBXGroup section */

/* Begin PBXNativeTarget section */
		B953E6E129689699007E2D35 /* Cambridge Pseudocode to Python */ = {
			isa = PBXNativeTarget;
			buildConfigurationList = B953E6F12968969B007E2D35 /* Build configuration list for PBXNativeTarget "Cambridge Pseudocode to Python" */;
			buildPhases = (
				B953E6DE29689699007E2D35 /* Sources */,
				B953E6DF29689699007E2D35 /* Frameworks */,
				B953E6E029689699007E2D35 /* Resources */,
			);
			buildRules = (
			);
			dependencies = (
			);
			name = "Cambridge Pseudocode to Python";
			productName = "Cambridge Pseudocode to Python";
			productReference = B953E6E229689699007E2D35 /* Cambridge Pseudocode to Python.app */;
			productType = "com.apple.product-type.application";
		};
/* End PBXNativeTarget section */

/* Begin PBXProject section */
		B953E6DA29689699007E2D35 /* Project object */ = {
			isa = PBXProject;
			attributes = {
				BuildIndependentTargetsInParallel = 1;
				LastSwiftUpdateCheck = 1420;
				LastUpgradeCheck = 1420;
				TargetAttributes = {
					B953E6E129689699007E2D35 = {
						CreatedOnToolsVersion = 14.2;
					};
				};
			};
			buildConfigurationList = B953E6DD29689699007E2D35 /* Build configuration list for PBXProject "Cambridge Pseudocode to Python" */;
			compatibilityVersion = "Xcode 14.0";
			developmentRegion = en;
			hasScannedForEncodings = 0;
			knownRegions = (
				en,
				"zh-Hans",
			);
			mainGroup = B953E6D929689699007E2D35;
			productRefGroup = B953E6E329689699007E2D35 /* Products */;
			projectDirPath = "";
			projectRoot = "";
			targets = (
				B953E6E129689699007E2D35 /* Cambridge Pseudocode to Python */,
			);
		};
/* End PBXProject section */

/* Begin PBXResourcesBuildPhase section */
		B953E6E029689699007E2D35 /* Resources */ = {
			isa = PBXResourcesBuildPhase;
			buildActionMask = 2147483647;
			files = (
				B9C2EB992969AD570089A589 /* Localizable.strings in Resources */,
				B944C9BF2968DB660072C148 /* campseudo-to-py in Resources */,
				B9C2EB982969AD570089A589 /* Localizable.strings in Resources */,
				B953E6ED2968969B007E2D35 /* Preview Assets.xcassets in Resources */,
				B953E6EA2968969B007E2D35 /* Assets.xcassets in Resources */,
			);
			runOnlyForDeploymentPostprocessing = 0;
		};
/* End PBXResourcesBuildPhase section */

/* Begin PBXSourcesBuildPhase section */
		B953E6DE29689699007E2D35 /* Sources */ = {
			isa = PBXSourcesBuildPhase;
			buildActionMask = 2147483647;
			files = (
				B953E6E829689699007E2D35 /* ContentView.swift in Sources */,
				B953E6E629689699007E2D35 /* Cambridge_Pseudocode_to_PythonApp.swift in Sources */,
			);
			runOnlyForDeploymentPostprocessing = 0;
		};
/* End PBXSourcesBuildPhase section */

/* Begin PBXVariantGroup section */
		B9C2EB932969AD570089A589 /* Localizable.strings */ = {
			isa = PBXVariantGroup;
			children = (
				B9C2EB942969AD570089A589 /* en */,
			);
			name = Localizable.strings;
			sourceTree = "<group>";
		};
		B9C2EB962969AD570089A589 /* Localizable.strings */ = {
			isa = PBXVariantGroup;
			children = (
				B9C2EB972969AD570089A589 /* zh-Hans */,
			);
			name = Localizable.strings;
			sourceTree = "<group>";
		};
/* End PBXVariantGroup section */

/* Begin XCBuildConfiguration section */
		B953E6EF2968969B007E2D35 /* Debug */ = {
			isa = XCBuildConfiguration;
			buildSettings = {
				ALWAYS_SEARCH_USER_PATHS = NO;
				CLANG_ANALYZER_LOCALIZABILITY_NONLOCALIZED = YES;
				CLANG_ANALYZER_NONNULL = YES;
				CLANG_ANALYZER_NUMBER_OBJECT_CONVERSION = YES_AGGRESSIVE;
				CLANG_CXX_LANGUAGE_STANDARD = "gnu++20";
				CLANG_ENABLE_MODULES = YES;
				CLANG_ENABLE_OBJC_ARC = YES;
				CLANG_ENABLE_OBJC_WEAK = YES;
				CLANG_WARN_BLOCK_CAPTURE_AUTORELEASING = YES;
				CLANG_WARN_BOOL_CONVERSION = YES;
				CLANG_WARN_COMMA = YES;
				CLANG_WARN_CONSTANT_CONVERSION = YES;
				CLANG_WARN_DEPRECATED_OBJC_IMPLEMENTATIONS = YES;
				CLANG_WARN_DIRECT_OBJC_ISA_USAGE = YES_ERROR;
				CLANG_WARN_DOCUMENTATION_COMMENTS = YES;
				CLANG_WARN_EMPTY_BODY = YES;
				CLANG_WARN_ENUM_CONVERSION = YES;
				CLANG_WARN_INFINITE_RECURSION = YES;
				CLANG_WARN_INT_CONVERSION = YES;
				CLANG_WARN_NON_LITERAL_NULL_CONVERSION = YES;
				CLANG_WARN_OBJC_IMPLICIT_RETAIN_SELF = YES;
				CLANG_WARN_OBJC_LITERAL_CONVERSION = YES;
				CLANG_WARN_OBJC_ROOT_CLASS = YES_ERROR;
				CLANG_WARN_QUOTED_INCLUDE_IN_FRAMEWORK_HEADER = YES;
				CLANG_WARN_RANGE_LOOP_ANALYSIS = YES;
				CLANG_WARN_STRICT_PROTOTYPES = YES;
				CLANG_WARN_SUSPICIOUS_MOVE = YES;
				CLANG_WARN_UNGUARDED_AVAILABILITY = YES_AGGRESSIVE;
				CLANG_WARN_UNREACHABLE_CODE = YES;
				CLANG_WARN__DUPLICATE_METHOD_MATCH = YES;
				COPY_PHASE_STRIP = NO;
				DEAD_CODE_STRIPPING = YES;
				DEBUG_INFORMATION_FORMAT = dwarf;
				ENABLE_STRICT_OBJC_MSGSEND = YES;
				ENABLE_TESTABILITY = YES;
				GCC_C_LANGUAGE_STANDARD = gnu11;
				GCC_DYNAMIC_NO_PIC = NO;
				GCC_NO_COMMON_BLOCKS = YES;
				GCC_OPTIMIZATION_LEVEL = 0;
				GCC_PREPROCESSOR_DEFINITIONS = (
					"DEBUG=1",
					"$(inherited)",
				);
				GCC_WARN_64_TO_32_BIT_CONVERSION = YES;
				GCC_WARN_ABOUT_RETURN_TYPE = YES_ERROR;
				GCC_WARN_UNDECLARED_SELECTOR = YES;
				GCC_WARN_UNINITIALIZED_AUTOS = YES_AGGRESSIVE;
				GCC_WARN_UNUSED_FUNCTION = YES;
				GCC_WARN_UNUSED_VARIABLE = YES;
				MACOSX_DEPLOYMENT_TARGET = 11.5;
				MTL_ENABLE_DEBUG_INFO = INCLUDE_SOURCE;
				MTL_FAST_MATH = YES;
				ONLY_ACTIVE_ARCH = YES;
				SDKROOT = macosx;
				SWIFT_ACTIVE_COMPILATION_CONDITIONS = DEBUG;
				SWIFT_OPTIMIZATION_LEVEL = "-Onone";
			};
			name = Debug;
		};
		B953E6F02968969B007E2D35 /* Release */ = {
			isa = XCBuildConfiguration;
			buildSettings = {
				ALWAYS_SEARCH_USER_PATHS = NO;
				CLANG_ANALYZER_LOCALIZABILITY_NONLOCALIZED = YES;
				CLANG_ANALYZER_NONNULL = YES;
				CLANG_ANALYZER_NUMBER_OBJECT_CONVERSION = YES_AGGRESSIVE;
				CLANG_CXX_LANGUAGE_STANDARD = "gnu++20";
				CLANG_ENABLE_MODULES = YES;
				CLANG_ENABLE_OBJC_ARC = YES;
				CLANG_ENABLE_OBJC_WEAK = YES;
				CLANG_WARN_BLOCK_CAPTURE_AUTORELEASING = YES;
				CLANG_WARN_BOOL_CONVERSION = YES;
				CLANG_WARN_COMMA = YES;
				CLANG_WARN_CONSTANT_CONVERSION = YES;
				CLANG_WARN_DEPRECATED_OBJC_IMPLEMENTATIONS = YES;
				CLANG_WARN_DIRECT_OBJC_ISA_USAGE = YES_ERROR;
				CLANG_WARN_DOCUMENTATION_COMMENTS = YES;
				CLANG_WARN_EMPTY_BODY = YES;
				CLANG_WARN_ENUM_CONVERSION = YES;
				CLANG_WARN_INFINITE_RECURSION = YES;
				CLANG_WARN_INT_CONVERSION = YES;
				CLANG_WARN_NON_LITERAL_NULL_CONVERSION = YES;
				CLANG_WARN_OBJC_IMPLICIT_RETAIN_SELF = YES;
				CLANG_WARN_OBJC_LITERAL_CONVERSION = YES;
				CLANG_WARN_OBJC_ROOT_CLASS = YES_ERROR;
				CLANG_WARN_QUOTED_INCLUDE_IN_FRAMEWORK_HEADER = YES;
				CLANG_WARN_RANGE_LOOP_ANALYSIS = YES;
				CLANG_WARN_STRICT_PROTOTYPES = YES;
				CLANG_WARN_SUSPICIOUS_MOVE = YES;
				CLANG_WARN_UNGUARDED_AVAILABILITY = YES_AGGRESSIVE;
				CLANG_WARN_UNREACHABLE_CODE = YES;
				CLANG_WARN__DUPLICATE_METHOD_MATCH = YES;
				COPY_PHASE_STRIP = NO;
				DEAD_CODE_STRIPPING = YES;
				DEBUG_INFORMATION_FORMAT = "dwarf-with-dsym";
				ENABLE_NS_ASSERTIONS = NO;
				ENABLE_STRICT_OBJC_MSGSEND = YES;
				GCC_C_LANGUAGE_STANDARD = gnu11;
				GCC_NO_COMMON_BLOCKS = YES;
				GCC_WARN_64_TO_32_BIT_CONVERSION = YES;
				GCC_WARN_ABOUT_RETURN_TYPE = YES_ERROR;
				GCC_WARN_UNDECLARED_SELECTOR = YES;
				GCC_WARN_UNINITIALIZED_AUTOS = YES_AGGRESSIVE;
				GCC_WARN_UNUSED_FUNCTION = YES;
				GCC_WARN_UNUSED_VARIABLE = YES;
				MACOSX_DEPLOYMENT_TARGET = 11.5;
				MTL_ENABLE_DEBUG_INFO = NO;
				MTL_FAST_MATH = YES;
				SDKROOT = macosx;
				SWIFT_COMPILATION_MODE = wholemodule;
				SWIFT_OPTIMIZATION_LEVEL = "-O";
			};
			name = Release;
		};
		B953E6F22968969B007E2D35 /* Debug */ = {
			isa = XCBuildConfiguration;
			buildSettings = {
				ASSETCATALOG_COMPILER_APPICON_NAME = AppIcon;
				ASSETCATALOG_COMPILER_GLOBAL_ACCENT_COLOR_NAME = AccentColor;
				ASSETCATALOG_COMPILER_INCLUDE_ALL_APPICON_ASSETS = NO;
				CODE_SIGN_ENTITLEMENTS = "Cambridge Pseudocode to Python/Cambridge_Pseudocode_to_Python.entitlements";
				CODE_SIGN_IDENTITY = "-";
				"CODE_SIGN_IDENTITY[sdk=macosx*]" = "-";
				CODE_SIGN_STYLE = Automatic;
				COMBINE_HIDPI_IMAGES = YES;
				CURRENT_PROJECT_VERSION = 1;
				DEAD_CODE_STRIPPING = YES;
				DEVELOPMENT_ASSET_PATHS = "\"Cambridge Pseudocode to Python/Preview Content\"";
				DEVELOPMENT_TEAM = "";
				ENABLE_PREVIEWS = YES;
				GENERATE_INFOPLIST_FILE = YES;
				INFOPLIST_KEY_NSHumanReadableCopyright = "";
				LD_RUNPATH_SEARCH_PATHS = (
					"$(inherited)",
					"@executable_path/../Frameworks",
				);
				MARKETING_VERSION = 0.1.0;
				PRODUCT_BUNDLE_IDENTIFIER = "ChenZhanming.Cambridge-Pseudocode-to-Python";
				PRODUCT_NAME = "$(TARGET_NAME)";
				SWIFT_EMIT_LOC_STRINGS = YES;
				SWIFT_VERSION = 5.0;
			};
			name = Debug;
		};
		B953E6F32968969B007E2D35 /* Release */ = {
			isa = XCBuildConfiguration;
			buildSettings = {
				ASSETCATALOG_COMPILER_APPICON_NAME = AppIcon;
				ASSETCATALOG_COMPILER_GLOBAL_ACCENT_COLOR_NAME = AccentColor;
				ASSETCATALOG_COMPILER_INCLUDE_ALL_APPICON_ASSETS = NO;
				CODE_SIGN_ENTITLEMENTS = "Cambridge Pseudocode to Python/Cambridge_Pseudocode_to_Python.entitlements";
				CODE_SIGN_IDENTITY = "-";
				"CODE_SIGN_IDENTITY[sdk=macosx*]" = "-";
				CODE_SIGN_STYLE = Automatic;
				COMBINE_HIDPI_IMAGES = YES;
				CURRENT_PROJECT_VERSION = 1;
				DEAD_CODE_STRIPPING = YES;
				DEVELOPMENT_ASSET_PATHS = "\"Cambridge Pseudocode to Python/Preview Content\"";
				DEVELOPMENT_TEAM = "";
				ENABLE_PREVIEWS = YES;
				GENERATE_INFOPLIST_FILE = YES;
				INFOPLIST_KEY_NSHumanReadableCopyright = "";
				LD_RUNPATH_SEARCH_PATHS = (
					"$(inherited)",
					"@executable_path/../Frameworks",
				);
				MARKETING_VERSION = 0.1.0;
				PRODUCT_BUNDLE_IDENTIFIER = "ChenZhanming.Cambridge-Pseudocode-to-Python";
				PRODUCT_NAME = "$(TARGET_NAME)";
				SWIFT_EMIT_LOC_STRINGS = YES;
				SWIFT_VERSION = 5.0;
			};
			name = Release;
		};
/* End XCBuildConfiguration section */

/* Begin XCConfigurationList section */
		B953E6DD29689699007E2D35 /* Build configuration list for PBXProject "Cambridge Pseudocode to Python" */ = {
			isa = XCConfigurationList;
			buildConfigurations = (
				B953E6EF2968969B007E2D35 /* Debug */,
				B953E6F02968969B007E2D35 /* Release */,
			);
			defaultConfigurationIsVisible = 0;
			defaultConfigurationName = Release;
		};
		B953E6F12968969B007E2D35 /* Build configuration list for PBXNativeTarget "Cambridge Pseudocode to Python" */ = {
			isa = XCConfigurationList;
			buildConfigurations = (
				B953E6F22968969B007E2D35 /* Debug */,
				B953E6F32968969B007E2D35 /* Release */,
			);
			defaultConfigurationIsVisible = 0;
			defaultConfigurationName = Release;
		};
/* End XCConfigurationList section */
	};
	rootObject = B953E6DA29689699007E2D35 /* Project object */;
}
